
Microsoft Visual Studio Solution File, Format Version 12.00
# Visual Studio Version 17
VisualStudioVersion = 17.13.35919.96
MinimumVisualStudioVersion = 10.0.40219.1
Project("{FAE04EC0-301F-11D3-BF4B-00C04F79EFBC}") = "WpfLaundrySystemApp", "WpfLaundrySystemApp\WpfLaundrySystemApp.csproj", "{671CA432-A76B-4AEF-A140-1DA0060BE739}"
EndProject
Project("{FAE04EC0-301F-11D3-BF4B-00C04F79EFBC}") = "MaterialCalculationModule", "MaterialCalculationModule\MaterialCalculationModule.csproj", "{12DFEB45-DFB9-42D8-9D1F-85812AC31F9C}"
EndProject
Project("{FAE04EC0-301F-11D3-BF4B-00C04F79EFBC}") = "TestProjectForWPFLaundrySystem", "TestProjectForWPFLaundrySystem\TestProjectForWPFLaundrySystem.csproj", "{FDEDE922-07EF-453C-A015-A666553C38B6}"
EndProject
Global
	GlobalSection(SolutionConfigurationPlatforms) = preSolution
		Debug|Any CPU = Debug|Any CPU
		Release|Any CPU = Release|Any CPU
	EndGlobalSection
	GlobalSection(ProjectConfigurationPlatforms) = postSolution
		{671CA432-A76B-4AEF-A140-1DA0060BE739}.Debug|Any CPU.ActiveCfg = Debug|Any CPU
		{671CA432-A76B-4AEF-A140-1DA0060BE739}.Debug|Any CPU.Build.0 = Debug|Any CPU
		{671CA432-A76B-4AEF-A140-1DA0060BE739}.Release|Any CPU.ActiveCfg = Release|Any CPU
		{671CA432-A76B-4AEF-A140-1DA0060BE739}.Release|Any CPU.Build.0 = Release|Any CPU
		{12DFEB45-DFB9-42D8-9D1F-85812AC31F9C}.Debug|Any CPU.ActiveCfg = Debug|Any CPU
		{12DFEB45-DFB9-42D8-9D1F-85812AC31F9C}.Debug|Any CPU.Build.0 = Debug|Any CPU
		{12DFEB45-DFB9-42D8-9D1F-85812AC31F9C}.Release|Any CPU.ActiveCfg = Release|Any CPU
		{12DFEB45-DFB9-42D8-9D1F-85812AC31F9C}.Release|Any CPU.Build.0 = Release|Any CPU
		{FDEDE922-07EF-453C-A015-A666553C38B6}.Debug|Any CPU.ActiveCfg = Debug|Any CPU
		{FDEDE922-07EF-453C-A015-A666553C38B6}.Debug|Any CPU.Build.0 = Debug|Any CPU
		{FDEDE922-07EF-453C-A015-A666553C38B6}.Release|Any CPU.ActiveCfg = Release|Any CPU
		{FDEDE922-07EF-453C-A015-A666553C38B6}.Release|Any CPU.Build.0 = Release|Any CPU
	EndGlobalSection
	GlobalSection(SolutionProperties) = preSolution
		HideSolutionNode = FALSE
	EndGlobalSection
	GlobalSection(ExtensibilityGlobals) = postSolution
		SolutionGuid = {D7187517-D603-4BA9-A4BC-059CD014324C}
	EndGlobalSection
EndGlobal
